// !$*UTF8*$!
{
	archiveVersion = 1;
	classes = {
	};
	objectVersion = 48;
	objects = {

/* Begin PBXBuildFile section */
		28D36DFE1FA263780043CED1 /* AppDelegate.swift in Sources */ = {isa = PBXBuildFile; fileRef = 28D36DFD1FA263780043CED1 /* AppDelegate.swift */; };
		28D36E001FA263780043CED1 /* MasterViewController.swift in Sources */ = {isa = PBXBuildFile; fileRef = 28D36DFF1FA263780043CED1 /* MasterViewController.swift */; };
		28D36E021FA263780043CED1 /* DetailViewController.swift in Sources */ = {isa = PBXBuildFile; fileRef = 28D36E011FA263780043CED1 /* DetailViewController.swift */; };
		28D36E051FA263780043CED1 /* Main.storyboard in Resources */ = {isa = PBXBuildFile; fileRef = 28D36E031FA263780043CED1 /* Main.storyboard */; };
		28D36E071FA263780043CED1 /* Assets.xcassets in Resources */ = {isa = PBXBuildFile; fileRef = 28D36E061FA263780043CED1 /* Assets.xcassets */; };
		28D36E0A1FA263780043CED1 /* LaunchScreen.storyboard in Resources */ = {isa = PBXBuildFile; fileRef = 28D36E081FA263780043CED1 /* LaunchScreen.storyboard */; };
/* End PBXBuildFile section */

/* Begin PBXFileReference section */
		28D36DFA1FA263780043CED1 /* EnsoNest.app */ = {isa = PBXFileReference; explicitFileType = wrapper.application; includeInIndex = 0; path = EnsoNest.app; sourceTree = BUILT_PRODUCTS_DIR; };
		28D36DFD1FA263780043CED1 /* AppDelegate.swift */ = {isa = PBXFileReference; lastKnownFileType = sourcecode.swift; path = AppDelegate.swift; sourceTree = "<group>"; };
		28D36DFF1FA263780043CED1 /* MasterViewController.swift */ = {isa = PBXFileReference; lastKnownFileType = sourcecode.swift; path = MasterViewController.swift; sourceTree = "<group>"; };
		28D36E011FA263780043CED1 /* DetailViewController.swift */ = {isa = PBXFileReference; lastKnownFileType = sourcecode.swift; path = DetailViewController.swift; sourceTree = "<group>"; };
		28D36E041FA263780043CED1 /* Base */ = {isa = PBXFileReference; lastKnownFileType = file.storyboard; name = Base; path = Base.lproj/Main.storyboard; sourceTree = "<group>"; };
		28D36E061FA263780043CED1 /* Assets.xcassets */ = {isa = PBXFileReference; lastKnownFileType = folder.assetcatalog; path = Assets.xcassets; sourceTree = "<group>"; };
		28D36E091FA263780043CED1 /* Base */ = {isa = PBXFileReference; lastKnownFileType = file.storyboard; name = Base; path = Base.lproj/LaunchScreen.storyboard; sourceTree = "<group>"; };
		28D36E0B1FA263780043CED1 /* Info.plist */ = {isa = PBXFileReference; lastKnownFileType = text.plist.xml; path = Info.plist; sourceTree = "<group>"; };
/* End PBXFileReference section */

/* Begin PBXFrameworksBuildPhase section */
		28D36DF71FA263780043CED1 /* Frameworks */ = {
			isa = PBXFrameworksBuildPhase;
			buildActionMask = 2147483647;
			files = (
			);
			runOnlyForDeploymentPostprocessing = 0;
		};
/* End PBXFrameworksBuildPhase section */

/* Begin PBXGroup section */
		28D36DF11FA263780043CED1 = {
			isa = PBXGroup;
			children = (
				28D36DFC1FA263780043CED1 /* EnsoNest */,
				28D36DFB1FA263780043CED1 /* Products */,
			);
			sourceTree = "<group>";
		};
		28D36DFB1FA263780043CED1 /* Products */ = {
			isa = PBXGroup;
			children = (
				28D36DFA1FA263780043CED1 /* EnsoNest.app */,
			);
			name = Products;
			sourceTree = "<group>";
		};
		28D36DFC1FA263780043CED1 /* EnsoNest */ = {
			isa = PBXGroup;
			children = (
				28D36DFD1FA263780043CED1 /* AppDelegate.swift */,
				28D36DFF1FA263780043CED1 /* MasterViewController.swift */,
				28D36E011FA263780043CED1 /* DetailViewController.swift */,
				28D36E031FA263780043CED1 /* Main.storyboard */,
				28D36E061FA263780043CED1 /* Assets.xcassets */,
				28D36E081FA263780043CED1 /* LaunchScreen.storyboard */,
				28D36E0B1FA263780043CED1 /* Info.plist */,
			);
			path = EnsoNest;
			sourceTree = "<group>";
		};
/* End PBXGroup section */

/* Begin PBXNativeTarget section */
		28D36DF91FA263780043CED1 /* EnsoNest */ = {
			isa = PBXNativeTarget;
			buildConfigurationList = 28D36E0E1FA263780043CED1 /* Build configuration list for PBXNativeTarget "EnsoNest" */;
			buildPhases = (
				28D36DF61FA263780043CED1 /* Sources */,
				28D36DF71FA263780043CED1 /* Frameworks */,
				28D36DF81FA263780043CED1 /* Resources */,
			);
			buildRules = (
			);
			dependencies = (
			);
			name = EnsoNest;
			productName = EnsoNest;
			productReference = 28D36DFA1FA263780043CED1 /* EnsoNest.app */;
			productType = "com.apple.product-type.application";
		};
/* End PBXNativeTarget section */

/* Begin PBXProject section */
		28D36DF21FA263780043CED1 /* Project object */ = {
			isa = PBXProject;
			attributes = {
				LastSwiftUpdateCheck = 0900;
				LastUpgradeCheck = 0900;
				ORGANIZATIONNAME = com.ensoreus;
				TargetAttributes = {
					28D36DF91FA263780043CED1 = {
						CreatedOnToolsVersion = 9.0.1;
						ProvisioningStyle = Automatic;
					};
				};
			};
			buildConfigurationList = 28D36DF51FA263780043CED1 /* Build configuration list for PBXProject "EnsoNest" */;
			compatibilityVersion = "Xcode 8.0";
			developmentRegion = en;
			hasScannedForEncodings = 0;
			knownRegions = (
				en,
				Base,
			);
			mainGroup = 28D36DF11FA263780043CED1;
			productRefGroup = 28D36DFB1FA263780043CED1 /* Products */;
			projectDirPath = "";
			projectRoot = "";
			targets = (
				28D36DF91FA263780043CED1 /* EnsoNest */,
			);
		};
/* End PBXProject section */

/* Begin PBXResourcesBuildPhase section */
		28D36DF81FA263780043CED1 /* Resources */ = {
			isa = PBXResourcesBuildPhase;
			buildActionMask = 2147483647;
			files = (
				28D36E0A1FA263780043CED1 /* LaunchScreen.storyboard in Resources */,
				28D36E071FA263780043CED1 /* Assets.xcassets in Resources */,
				28D36E051FA263780043CED1 /* Main.storyboard in Resources */,
			);
			runOnlyForDeploymentPostprocessing = 0;
		};
/* End PBXResourcesBuildPhase section */

/* Begin PBXSourcesBuildPhase section */
		28D36DF61FA263780043CED1 /* Sources */ = {
			isa = PBXSourcesBuildPhase;
			buildActionMask = 2147483647;
			files = (
				28D36E021FA263780043CED1 /* DetailViewController.swift in Sources */,
				28D36E001FA263780043CED1 /* MasterViewController.swift in Sources */,
				28D36DFE1FA263780043CED1 /* AppDelegate.swift in Sources */,
			);
			runOnlyForDeploymentPostprocessing = 0;
		};
/* End PBXSourcesBuildPhase section */

/* Begin PBXVariantGroup section */
		28D36E031FA263780043CED1 /* Main.storyboard */ = {
			isa = PBXVariantGroup;
			children = (
				28D36E041FA263780043CED1 /* Base */,
			);
			name = Main.storyboard;
			sourceTree = "<group>";
		};
		28D36E081FA263780043CED1 /* LaunchScreen.storyboard */ = {
			isa = PBXVariantGroup;
			children = (
				28D36E091FA263780043CED1 /* Base */,
			);
			name = LaunchScreen.storyboard;
			sourceTree = "<group>";
		};
/* End PBXVariantGroup section */

/* Begin XCBuildConfiguration section */
		28D36E0C1FA263780043CED1 /* Debug */ = {
			isa = XCBuildConfiguration;
			buildSettings = {
				ALWAYS_SEARCH_USER_PATHS = NO;
				CLANG_ANALYZER_NONNULL = YES;
				CLANG_ANALYZER_NUMBER_OBJECT_CONVERSION = YES_AGGRESSIVE;
				CLANG_CXX_LANGUAGE_STANDARD = "gnu++14";
				CLANG_CXX_LIBRARY = "libc++";
				CLANG_ENABLE_MODULES = YES;
				CLANG_ENABLE_OBJC_ARC = YES;
				CLANG_WARN_BLOCK_CAPTURE_AUTORELEASING = YES;
				CLANG_WARN_BOOL_CONVERSION = YES;
				CLANG_WARN_COMMA = YES;
				CLANG_WARN_CONSTANT_CONVERSION = YES;
				CLANG_WARN_DIRECT_OBJC_ISA_USAGE = YES_ERROR;
				CLANG_WARN_DOCUMENTATION_COMMENTS = YES;
				CLANG_WARN_EMPTY_BODY = YES;
				CLANG_WARN_ENUM_CONVERSION = YES;
				CLANG_WARN_INFINITE_RECURSION = YES;
				CLANG_WARN_INT_CONVERSION = YES;
				CLANG_WARN_NON_LITERAL_NULL_CONVERSION = YES;
				CLANG_WARN_OBJC_LITERAL_CONVERSION = YES;
				CLANG_WARN_OBJC_ROOT_CLASS = YES_ERROR;
				CLANG_WARN_RANGE_LOOP_ANALYSIS = YES;
				CLANG_WARN_STRICT_PROTOTYPES = YES;
				CLANG_WARN_SUSPICIOUS_MOVE = YES;
				CLANG_WARN_UNGUARDED_AVAILABILITY = YES_AGGRESSIVE;
				CLANG_WARN_UNREACHABLE_CODE = YES;
				CLANG_WARN__DUPLICATE_METHOD_MATCH = YES;
				CODE_SIGN_IDENTITY = "iPhone Developer";
				COPY_PHASE_STRIP = NO;
				DEBUG_INFORMATION_FORMAT = dwarf;
				ENABLE_STRICT_OBJC_MSGSEND = YES;
				ENABLE_TESTABILITY = YES;
				GCC_C_LANGUAGE_STANDARD = gnu11;
				GCC_DYNAMIC_NO_PIC = NO;
				GCC_NO_COMMON_BLOCKS = YES;
				GCC_OPTIMIZATION_LEVEL = 0;
				GCC_PREPROCESSOR_DEFINITIONS = (
					"DEBUG=1",
					"$(inherited)",
				);
				GCC_WARN_64_TO_32_BIT_CONVERSION = YES;
				GCC_WARN_ABOUT_RETURN_TYPE = YES_ERROR;
				GCC_WARN_UNDECLARED_SELECTOR = YES;
				GCC_WARN_UNINITIALIZED_AUTOS = YES_AGGRESSIVE;
				GCC_WARN_UNUSED_FUNCTION = YES;
				GCC_WARN_UNUSED_VARIABLE = YES;
				IPHONEOS_DEPLOYMENT_TARGET = 11.0;
				MTL_ENABLE_DEBUG_INFO = YES;
				ONLY_ACTIVE_ARCH = YES;
				SDKROOT = iphoneos;
				SWIFT_ACTIVE_COMPILATION_CONDITIONS = DEBUG;
				SWIFT_OPTIMIZATION_LEVEL = "-Onone";
			};
			name = Debug;
		};
		28D36E0D1FA263780043CED1 /* Release */ = {
			isa = XCBuildConfiguration;
			buildSettings = {
				ALWAYS_SEARCH_USER_PATHS = NO;
				CLANG_ANALYZER_NONNULL = YES;
				CLANG_ANALYZER_NUMBER_OBJECT_CONVERSION = YES_AGGRESSIVE;
				CLANG_CXX_LANGUAGE_STANDARD = "gnu++14";
				CLANG_CXX_LIBRARY = "libc++";
				CLANG_ENABLE_MODULES = YES;
				CLANG_ENABLE_OBJC_ARC = YES;
				CLANG_WARN_BLOCK_CAPTURE_AUTORELEASING = YES;
				CLANG_WARN_BOOL_CONVERSION = YES;
				CLANG_WARN_COMMA = YES;
				CLANG_WARN_CONSTANT_CONVERSION = YES;
				CLANG_WARN_DIRECT_OBJC_ISA_USAGE = YES_ERROR;
				CLANG_WARN_DOCUMENTATION_COMMENTS = YES;
				CLANG_WARN_EMPTY_BODY = YES;
				CLANG_WARN_ENUM_CONVERSION = YES;
				CLANG_WARN_INFINITE_RECURSION = YES;
				CLANG_WARN_INT_CONVERSION = YES;
				CLANG_WARN_NON_LITERAL_NULL_CONVERSION = YES;
				CLANG_WARN_OBJC_LITERAL_CONVERSION = YES;
				CLANG_WARN_OBJC_ROOT_CLASS = YES_ERROR;
				CLANG_WARN_RANGE_LOOP_ANALYSIS = YES;
				CLANG_WARN_STRICT_PROTOTYPES = YES;
				CLANG_WARN_SUSPICIOUS_MOVE = YES;
				CLANG_WARN_UNGUARDED_AVAILABILITY = YES_AGGRESSIVE;
				CLANG_WARN_UNREACHABLE_CODE = YES;
				CLANG_WARN__DUPLICATE_METHOD_MATCH = YES;
				CODE_SIGN_IDENTITY = "iPhone Developer";
				COPY_PHASE_STRIP = NO;
				DEBUG_INFORMATION_FORMAT = "dwarf-with-dsym";
				ENABLE_NS_ASSERTIONS = NO;
				ENABLE_STRICT_OBJC_MSGSEND = YES;
				GCC_C_LANGUAGE_STANDARD = gnu11;
				GCC_NO_COMMON_BLOCKS = YES;
				GCC_WARN_64_TO_32_BIT_CONVERSION = YES;
				GCC_WARN_ABOUT_RETURN_TYPE = YES_ERROR;
				GCC_WARN_UNDECLARED_SELECTOR = YES;
				GCC_WARN_UNINITIALIZED_AUTOS = YES_AGGRESSIVE;
				GCC_WARN_UNUSED_FUNCTION = YES;
				GCC_WARN_UNUSED_VARIABLE = YES;
				IPHONEOS_DEPLOYMENT_TARGET = 11.0;
				MTL_ENABLE_DEBUG_INFO = NO;
				SDKROOT = iphoneos;
				SWIFT_OPTIMIZATION_LEVEL = "-Owholemodule";
				VALIDATE_PRODUCT = YES;
			};
			name = Release;
		};
		28D36E0F1FA263780043CED1 /* Debug */ = {
			isa = XCBuildConfiguration;
			buildSettings = {
				ASSETCATALOG_COMPILER_APPICON_NAME = AppIcon;
				CODE_SIGN_STYLE = Automatic;
				DEVELOPMENT_TEAM = KQ46EWSK84;
				INFOPLIST_FILE = EnsoNest/Info.plist;
				LD_RUNPATH_SEARCH_PATHS = "$(inherited) @executable_path/Frameworks";
				PRODUCT_BUNDLE_IDENTIFIER = com.ensoreus.EnsoNest;
				PRODUCT_NAME = "$(TARGET_NAME)";
				SWIFT_VERSION = 4.0;
				TARGETED_DEVICE_FAMILY = "1,2";
			};
			name = Debug;
		};
		28D36E101FA263780043CED1 /* Release */ = {
			isa = XCBuildConfiguration;
			buildSettings = {
				ASSETCATALOG_COMPILER_APPICON_NAME = AppIcon;
				CODE_SIGN_STYLE = Automatic;
				DEVELOPMENT_TEAM = KQ46EWSK84;
				INFOPLIST_FILE = EnsoNest/Info.plist;
				LD_RUNPATH_SEARCH_PATHS = "$(inherited) @executable_path/Frameworks";
				PRODUCT_BUNDLE_IDENTIFIER = com.ensoreus.EnsoNest;
				PRODUCT_NAME = "$(TARGET_NAME)";
				SWIFT_VERSION = 4.0;
				TARGETED_DEVICE_FAMILY = "1,2";
			};
			name = Release;
		};
/* End XCBuildConfiguration section */

/* Begin XCConfigurationList section */
		28D36DF51FA263780043CED1 /* Build configuration list for PBXProject "EnsoNest" */ = {
			isa = XCConfigurationList;
			buildConfigurations = (
				28D36E0C1FA263780043CED1 /* Debug */,
				28D36E0D1FA263780043CED1 /* Release */,
			);
			defaultConfigurationIsVisible = 0;
			defaultConfigurationName = Release;
		};
		28D36E0E1FA263780043CED1 /* Build configuration list for PBXNativeTarget "EnsoNest" */ = {
			isa = XCConfigurationList;
			buildConfigurations = (
				28D36E0F1FA263780043CED1 /* Debug */,
				28D36E101FA263780043CED1 /* Release */,
			);
			defaultConfigurationIsVisible = 0;
			defaultConfigurationName = Release;
		};
/* End XCConfigurationList section */
	};
	rootObject = 28D36DF21FA263780043CED1 /* Project object */;
}
